# Generated by pub
# See http://pub.dartlang.org/doc/glossary.html#lockfile
packages:
  analyzer:
    description: analyzer
    source: hosted
    version: "0.25.0+1"
  args:
    description: args
    source: hosted
    version: "0.13.2"
  barback:
    description: barback
    source: hosted
    version: "0.15.2+4"
  bridge:
    description:
      ref: null
      resolved-ref: fa8f84ba84fb90a069bf9841781aa12f346c8717
      url: "git://github.com/dart-bridge/framework"
    source: git
    version: "0.4.1"
  bson:
    description: bson
    source: hosted
    version: "0.1.23"
  collection:
    description: collection
    source: hosted
    version: "1.1.1"
  console:
    description: console
    source: hosted
    version: "2.2.3"
  crypto:
    description: crypto
    source: hosted
    version: "0.9.0"
  cupid:
    description: cupid
    source: hosted
    version: "0.6.5"
  dlog:
    description: dlog
    source: hosted
    version: "0.0.5"
  dotenv:
    description: dotenv
    source: hosted
    version: "0.1.3+2"
  fixnum:
    description: fixnum
    source: hosted
    version: "0.9.1+2"
  formler:
    description: formler
    source: hosted
    version: "0.0.8"
  glob:
    description: glob
    source: hosted
    version: "1.0.4"
  http_multi_server:
    description: http_multi_server
    source: hosted
    version: "1.3.2"
  http_parser:
    description: http_parser
    source: hosted
    version: "0.0.2+7"
  logging:
    description: logging
    source: hosted
    version: "0.10.0"
  matcher:
    description: matcher
    source: hosted
    version: "0.12.0+1"
  mime:
    description: mime
    source: hosted
    version: "0.9.3"
  mongo_dart:
    description: mongo_dart
    source: hosted
    version: "0.1.47"
  mongo_dart_query:
    description: mongo_dart_query
    source: hosted
    version: "0.1.14"
  more:
    description: more
    source: hosted
    version: "1.4.0"
  path:
    description: path
    source: hosted
    version: "1.3.5"
  pool:
    description: pool
    source: hosted
    version: "1.0.2"
  pub_semver:
    description: pub_semver
    source: hosted
    version: "1.2.1"
  quiver:
    description: quiver
    source: hosted
    version: "0.21.4"
  shelf:
    description: shelf
    source: hosted
    version: "0.6.1+2"
  shelf_static:
    description: shelf_static
    source: hosted
    version: "0.2.2"
  shelf_web_socket:
    description: shelf_web_socket
    source: hosted
    version: "0.0.1+2"
  source_map_stack_trace:
    description: source_map_stack_trace
    source: hosted
    version: "1.0.4"
  source_maps:
    description: source_maps
    source: hosted
    version: "0.10.1"
  source_span:
    description: source_span
    source: hosted
    version: "1.1.2"
  stack_trace:
    description: stack_trace
    source: hosted
    version: "1.3.3"
  string_scanner:
    description: string_scanner
    source: hosted
    version: "0.1.3+1"
  test:
    description: test
    source: hosted
    version: "0.12.3"
  testcase:
    description: testcase
    source: hosted
    version: "0.1.0"
  unittest:
    description: unittest
    source: hosted
    version: "0.12.3"
  vector_math:
    description: vector_math
    source: hosted
    version: "1.4.3"
  watcher:
    description: watcher
    source: hosted
    version: "0.9.5"
  yaml:
    description: yaml
    source: hosted
    version: "2.1.3"
